
Microsoft Visual Studio Solution File, Format Version 12.00
# Visual Studio Version 17
VisualStudioVersion = 17.7.34024.191
MinimumVisualStudioVersion = 10.0.40219.1
Project("{FAE04EC0-301F-11D3-BF4B-00C04F79EFBC}") = "API_Admin", "API_Admin\API_Admin.csproj", "{CE0A36B6-888B-4287-AE96-11A0DDD467E3}"
EndProject
Project("{FAE04EC0-301F-11D3-BF4B-00C04F79EFBC}") = "API_User", "API_User\API_User.csproj", "{C50E03DA-D1C4-4AF7-9B7F-D16E8DB98A40}"
EndProject
Project("{FAE04EC0-301F-11D3-BF4B-00C04F79EFBC}") = "Models", "Models\Models.csproj", "{DFED28FD-DDF4-4CDD-A16E-9E36F0BEB3C5}"
EndProject
Global
	GlobalSection(SolutionConfigurationPlatforms) = preSolution
		Debug|Any CPU = Debug|Any CPU
		Release|Any CPU = Release|Any CPU
	EndGlobalSection
	GlobalSection(ProjectConfigurationPlatforms) = postSolution
		{CE0A36B6-888B-4287-AE96-11A0DDD467E3}.Debug|Any CPU.ActiveCfg = Debug|Any CPU
		{CE0A36B6-888B-4287-AE96-11A0DDD467E3}.Debug|Any CPU.Build.0 = Debug|Any CPU
		{CE0A36B6-888B-4287-AE96-11A0DDD467E3}.Release|Any CPU.ActiveCfg = Release|Any CPU
		{CE0A36B6-888B-4287-AE96-11A0DDD467E3}.Release|Any CPU.Build.0 = Release|Any CPU
		{C50E03DA-D1C4-4AF7-9B7F-D16E8DB98A40}.Debug|Any CPU.ActiveCfg = Debug|Any CPU
		{C50E03DA-D1C4-4AF7-9B7F-D16E8DB98A40}.Debug|Any CPU.Build.0 = Debug|Any CPU
		{C50E03DA-D1C4-4AF7-9B7F-D16E8DB98A40}.Release|Any CPU.ActiveCfg = Release|Any CPU
		{C50E03DA-D1C4-4AF7-9B7F-D16E8DB98A40}.Release|Any CPU.Build.0 = Release|Any CPU
		{DFED28FD-DDF4-4CDD-A16E-9E36F0BEB3C5}.Debug|Any CPU.ActiveCfg = Debug|Any CPU
		{DFED28FD-DDF4-4CDD-A16E-9E36F0BEB3C5}.Debug|Any CPU.Build.0 = Debug|Any CPU
		{DFED28FD-DDF4-4CDD-A16E-9E36F0BEB3C5}.Release|Any CPU.ActiveCfg = Release|Any CPU
		{DFED28FD-DDF4-4CDD-A16E-9E36F0BEB3C5}.Release|Any CPU.Build.0 = Release|Any CPU
	EndGlobalSection
	GlobalSection(SolutionProperties) = preSolution
		HideSolutionNode = FALSE
	EndGlobalSection
	GlobalSection(ExtensibilityGlobals) = postSolution
		SolutionGuid = {241D11EF-E06E-48C2-A318-FEBDB861E739}
	EndGlobalSection
EndGlobal
